<?xml version="1.0" encoding="utf-8"?>
<Project ToolsVersion="4.0" xmlns="http://schemas.microsoft.com/developer/msbuild/2003">
  <ItemGroup>
    <Filter Include="Source Files">
      <UniqueIdentifier>{4FC737F1-C7A5-4376-A066-2A32D752A2FF}</UniqueIdentifier>
      <Extensions>cpp;c;cc;cxx;def;odl;idl;hpj;bat;asm;asmx</Extensions>
    </Filter>
    <Filter Include="Header Files">
      <UniqueIdentifier>{93995380-89BD-4b04-88EB-625FBE52EBFB}</UniqueIdentifier>
      <Extensions>h;hh;hpp;hxx;hm;inl;inc;xsd</Extensions>
    </Filter>
    <Filter Include="Resource Files">
      <UniqueIdentifier>{67DA6AB6-F800-4c08-8B7A-83BB121AAD01}</UniqueIdentifier>
      <Extensions>rc;ico;cur;bmp;dlg;rc2;rct;bin;rgs;gif;jpg;jpeg;jpe;resx;tiff;tif;png;wav;mfcribbon-ms</Extensions>
    </Filter>
    <Filter Include="Header Files\Memory">
      <UniqueIdentifier>{2f0dae4a-da16-4f45-9f00-cbf5aaad5a00}</UniqueIdentifier>
    </Filter>
    <Filter Include="Source Files\Memory">
      <UniqueIdentifier>{d3bf202f-5a39-41e5-a1cc-9a3aacf47c28}</UniqueIdentifier>
    </Filter>
    <Filter Include="Source Files\Test">
      <UniqueIdentifier>{ff0e5ea5-3a26-49d1-bc0f-da611e103987}</UniqueIdentifier>
    </Filter>
    <Filter Include="Header Files\Test">
      <UniqueIdentifier>{01364216-1dbe-43d6-a535-0d2eac862565}</UniqueIdentifier>
    </Filter>
    <Filter Include="Header Files\Synchronization">
      <UniqueIdentifier>{94c518e3-2dcf-4d18-b538-762261e70e9f}</UniqueIdentifier>
    </Filter>
    <Filter Include="Source Files\Synchronization">
      <UniqueIdentifier>{6ced310d-90fa-4451-b876-6664c1b284ff}</UniqueIdentifier>
    </Filter>
  </ItemGroup>
  <ItemGroup>
    <ClCompile Include="main.c">
      <Filter>Source Files</Filter>
    </ClCompile>
    <ClCompile Include="screen.c">
      <Filter>Source Files</Filter>
    </ClCompile>
    <ClCompile Include="logging.c">
      <Filter>Source Files</Filter>
    </ClCompile>
    <ClCompile Include="Interrupts.c">
      <Filter>Source Files</Filter>
    </ClCompile>
    <ClCompile Include="PIC.c">
      <Filter>Source Files</Filter>
    </ClCompile>
    <ClCompile Include="Keyboard.c">
      <Filter>Source Files</Filter>
    </ClCompile>
    <ClCompile Include="CLI.c">
      <Filter>Source Files</Filter>
    </ClCompile>
    <ClCompile Include="String.c">
      <Filter>Source Files</Filter>
    </ClCompile>
    <ClCompile Include="RTC.c">
      <Filter>Source Files</Filter>
    </ClCompile>
    <ClCompile Include="Edit.c">
      <Filter>Source Files</Filter>
    </ClCompile>
    <ClCompile Include="ATA.c">
      <Filter>Source Files</Filter>
    </ClCompile>
    <ClCompile Include="Physical.c">
      <Filter>Source Files\Memory</Filter>
    </ClCompile>
    <ClCompile Include="Virtual.c">
      <Filter>Source Files\Memory</Filter>
    </ClCompile>
    <ClCompile Include="Heap.c">
      <Filter>Source Files\Memory</Filter>
    </ClCompile>
    <ClCompile Include="TestMemory.c">
      <Filter>Source Files\Test</Filter>
    </ClCompile>
    <ClCompile Include="APIC.c">
      <Filter>Source Files</Filter>
    </ClCompile>
    <ClCompile Include="Spinlock.c">
      <Filter>Source Files\Synchronization</Filter>
    </ClCompile>
    <ClCompile Include="TestSynchronization.c">
      <Filter>Source Files\Test</Filter>
    </ClCompile>
    <ClCompile Include="Thread.c">
      <Filter>Source Files</Filter>
    </ClCompile>
    <ClCompile Include="Mutex.c">
      <Filter>Source Files\Synchronization</Filter>
    </ClCompile>
    <ClCompile Include="Utils.c">
      <Filter>Source Files</Filter>
    </ClCompile>
  </ItemGroup>
  <ItemGroup>
    <ClInclude Include="screen.h">
      <Filter>Header Files</Filter>
    </ClInclude>
    <ClInclude Include="main.h">
      <Filter>Header Files</Filter>
    </ClInclude>
    <ClInclude Include="logging.h">
      <Filter>Header Files</Filter>
    </ClInclude>
    <ClInclude Include="Interrupts.h">
      <Filter>Header Files</Filter>
    </ClInclude>
    <ClInclude Include="PIC.h">
      <Filter>Header Files</Filter>
    </ClInclude>
    <ClInclude Include="Scancode.h">
      <Filter>Header Files</Filter>
    </ClInclude>
    <ClInclude Include="Keyboard.h">
      <Filter>Header Files</Filter>
    </ClInclude>
    <ClInclude Include="CLI.h">
      <Filter>Header Files</Filter>
    </ClInclude>
    <ClInclude Include="String.h">
      <Filter>Header Files</Filter>
    </ClInclude>
    <ClInclude Include="RTC.h">
      <Filter>Header Files</Filter>
    </ClInclude>
    <ClInclude Include="Edit.h">
      <Filter>Header Files</Filter>
    </ClInclude>
    <ClInclude Include="ATA.h">
      <Filter>Header Files</Filter>
    </ClInclude>
    <ClInclude Include="Physical.h">
      <Filter>Header Files\Memory</Filter>
    </ClInclude>
    <ClInclude Include="Virtual.h">
      <Filter>Header Files\Memory</Filter>
    </ClInclude>
    <ClInclude Include="Heap.h">
      <Filter>Header Files\Memory</Filter>
    </ClInclude>
    <ClInclude Include="TestMemory.h">
      <Filter>Header Files\Test</Filter>
    </ClInclude>
    <ClInclude Include="APIC.h">
      <Filter>Header Files</Filter>
    </ClInclude>
    <ClInclude Include="Spinlock.h">
      <Filter>Header Files\Synchronization</Filter>
    </ClInclude>
    <ClInclude Include="TestSynchronization.h">
      <Filter>Header Files\Test</Filter>
    </ClInclude>
    <ClInclude Include="Thread.h">
      <Filter>Header Files</Filter>
    </ClInclude>
    <ClInclude Include="Mutex.h">
      <Filter>Header Files\Synchronization</Filter>
    </ClInclude>
    <ClInclude Include="Utils.h">
      <Filter>Header Files</Filter>
    </ClInclude>
  </ItemGroup>
  <ItemGroup>
    <CustomBuild Include="__init.asm">
      <Filter>Source Files</Filter>
    </CustomBuild>
    <CustomBuild Include="__procedures.asm">
      <Filter>Source Files</Filter>
    </CustomBuild>
    <CustomBuild Include="__ap_startup.asm">
      <Filter>Source Files</Filter>
    </CustomBuild>
  </ItemGroup>
  <ItemGroup>
    <None Include="Utils.inc">
      <Filter>Header Files</Filter>
    </None>
  </ItemGroup>
</Project>